
Microsoft Visual Studio Solution File, Format Version 12.00
# Visual Studio Version 16
VisualStudioVersion = 16.0.30517.126
MinimumVisualStudioVersion = 10.0.40219.1
Project("{FAE04EC0-301F-11D3-BF4B-00C04F79EFBC}") = "ContosoCrafts.Website", "ContosoCrafts.Website\ContosoCrafts.Website.csproj", "{5BBBB43B-4204-4F3B-8FDF-10AE6D2E78FD}"
EndProject
Global
	GlobalSection(SolutionConfigurationPlatforms) = preSolution
		Debug|Any CPU = Debug|Any CPU
		Release|Any CPU = Release|Any CPU
	EndGlobalSection
	GlobalSection(ProjectConfigurationPlatforms) = postSolution
		{5BBBB43B-4204-4F3B-8FDF-10AE6D2E78FD}.Debug|Any CPU.ActiveCfg = Debug|Any CPU
		{5BBBB43B-4204-4F3B-8FDF-10AE6D2E78FD}.Debug|Any CPU.Build.0 = Debug|Any CPU
		{5BBBB43B-4204-4F3B-8FDF-10AE6D2E78FD}.Release|Any CPU.ActiveCfg = Release|Any CPU
		{5BBBB43B-4204-4F3B-8FDF-10AE6D2E78FD}.Release|Any CPU.Build.0 = Release|Any CPU
	EndGlobalSection
	GlobalSection(SolutionProperties) = preSolution
		HideSolutionNode = FALSE
	EndGlobalSection
	GlobalSection(ExtensibilityGlobals) = postSolution
		SolutionGuid = {7F8701BF-2052-46D0-91C7-D510749A6473}
	EndGlobalSection
EndGlobal
